github.com/google/uuid v1.6.0 h1:NIvaJDMOsjHA8n1jAhLSgzrAzy1Hgr+hNrb57e+94F0=
github.com/google/uuid v1.6.0/go.mod h1:TIyPZe4MgqvfeYDBFedMoGGpEw/LqOeaOT+nhxU+yHo=
github.com/mattn/go-sqlite3 v1.14.28 h1:ThEiQrnbtumT+QMknw63Befp/ce/nUPgBPMlRFEum7A=
github.com/mattn/go-sqlite3 v1.14.28/go.mod h1:Uh1q+B4BYcTPb+yiD3kU8Ct7aC0hY9fxUwlHK0RXw+Y=
github.com/ogiusek/ioc v1.0.4 h1:3F+FRjzi/css2152KwRIIbfV+JCV7IJf/y6L13pc918=
github.com/ogiusek/ioc v1.0.4/go.mod h1:cLLil5+hIpVUwczj68jcgN+9K+rdgT3QuBK6ULEu7Bo=
github.com/ogiusek/ioc v1.0.5 h1:5QpDGBUonrRt7JL5bKnmQMBZxX6dMWMhajeByTWLvDQ=
github.com/ogiusek/ioc v1.0.5/go.mod h1:cLLil5+hIpVUwczj68jcgN+9K+rdgT3QuBK6ULEu7Bo=
github.com/ogiusek/ioc v1.0.6 h1:qDwL9lxdZt8F8ls5eLo6qocG4Fj/N5SJt58cZ1m4578=
github.com/ogiusek/ioc v1.0.6/go.mod h1:cLLil5+hIpVUwczj68jcgN+9K+rdgT3QuBK6ULEu7Bo=
github.com/ogiusek/ioc v1.0.7 h1:1Ri2iJ53HEPOqeJjkd9lG96lubuuQgrORiKSBWD3DBs=
github.com/ogiusek/ioc v1.0.7/go.mod h1:cLLil5+hIpVUwczj68jcgN+9K+rdgT3QuBK6ULEu7Bo=
github.com/ogiusek/ioc v1.0.8 h1:bsn09j/+Qohi6e9aAkEoOt8UsWN0lm6NjmfPvjHYjJM=
github.com/ogiusek/ioc v1.0.8/go.mod h1:7RNrF4VRW6p66/OzgTlEWAtZJaclZiWaggZxuMqLR8E=
github.com/ogiusek/null v1.1.0 h1:sSoUXXYlESIn267qt2KHsuO+uqzT7XSZxIQRR4JjAsY=
github.com/ogiusek/null v1.1.0/go.mod h1:dMcby3puGtDws2HlPU0v8xvsgFsbqAjNZ1q5iePIR4s=
github.com/optimus-hft/lockset v0.1.0 h1:zZ/AuUOSUHqWHCK9YIVERhegaTeApaEc1fJ99HTycB8=
github.com/optimus-hft/lockset v0.1.0/go.mod h1:AgdzABgG9q0mIsKQ1PFxOxuqa899ZOVz8zLY/lZWEUM=
