github.com/ogiusek/ioc v1.0.0 h1:oxy+fXwf79HKnOuOAvGEgkiJ+77f0VvelGSRa2F27O8=
github.com/ogiusek/ioc v1.0.0/go.mod h1:cLLil5+hIpVUwczj68jcgN+9K+rdgT3QuBK6ULEu7Bo=
github.com/ogiusek/null v1.0.1 h1:UDYvhMBWZToIzh7zXrIN/k+SZMZYdTfO0xNrFIaAVmk=
github.com/ogiusek/null v1.0.1/go.mod h1:dMcby3puGtDws2HlPU0v8xvsgFsbqAjNZ1q5iePIR4s=
