github.com/davecgh/go-spew v1.1.1 h1:vj9j/u1bqnvCEfJOwUhtlOARqs3+rkHYY13jYWTU97c=
github.com/davecgh/go-spew v1.1.1/go.mod h1:J7Y8YcW2NihsgmVo/mv3lAwl/skON4iLHjSsI+c5H38=
github.com/google/uuid v1.6.0 h1:NIvaJDMOsjHA8n1jAhLSgzrAzy1Hgr+hNrb57e+94F0=
github.com/google/uuid v1.6.0/go.mod h1:TIyPZe4MgqvfeYDBFedMoGGpEw/LqOeaOT+nhxU+yHo=
github.com/ogiusek/events v1.0.2 h1:9Psy8GJpCBNEiWWCDHLNzDMgiAOg/cKzhzTRghASGNU=
github.com/ogiusek/events v1.0.2/go.mod h1:SPxHJgN/QSEhPaVA6PynXQk0TrTve31XPUpuCgkzZEM=
github.com/ogiusek/ioc/v2 v2.0.8 h1:mr3IDo2g9lCzbNzvHSIQW6VFHFci08iH+v5m/h+vnQc=
github.com/ogiusek/ioc/v2 v2.0.8/go.mod h1:jE+0wS2MNt9M+ODUf6WAuARLZwvvGWCeyIDWsuZ9TiI=
github.com/ogiusek/ioc/v2 v2.0.9 h1:LR2YWSCCyaNGVqaMSbylXoBh3+5H3uoG9KsK6bHyTdE=
github.com/ogiusek/ioc/v2 v2.0.9/go.mod h1:jE+0wS2MNt9M+ODUf6WAuARLZwvvGWCeyIDWsuZ9TiI=
github.com/ogiusek/ioc/v2 v2.0.10 h1:wkPCfEieTkoUc8E28YHOYiymfxjJG3zUQCcjcUMQspM=
github.com/ogiusek/ioc/v2 v2.0.10/go.mod h1:jE+0wS2MNt9M+ODUf6WAuARLZwvvGWCeyIDWsuZ9TiI=
github.com/ogiusek/ioc/v2 v2.0.11 h1:TruagWd+KKaAc0tSiMG6Zjjrrj73qDHA4+M9NkJ9CjA=
github.com/ogiusek/ioc/v2 v2.0.11/go.mod h1:jE+0wS2MNt9M+ODUf6WAuARLZwvvGWCeyIDWsuZ9TiI=
github.com/ogiusek/lockset v1.0.1 h1:im4DPx27LUCEz2gDkYG4DNF45De5hk+7Pq+vnowBZp0=
github.com/ogiusek/lockset v1.0.1/go.mod h1:YAnwIIa+GNQadc0c934Rc+IFhzBjhMzlXD45zFajvn0=
github.com/ogiusek/null v1.1.0 h1:sSoUXXYlESIn267qt2KHsuO+uqzT7XSZxIQRR4JjAsY=
github.com/ogiusek/null v1.1.0/go.mod h1:dMcby3puGtDws2HlPU0v8xvsgFsbqAjNZ1q5iePIR4s=
github.com/ogiusek/relay/v2 v2.0.6 h1:PgBJENuL2Pfo4ehB8b4k5OGFE8DgMJUM7Q9xsVbc25M=
github.com/ogiusek/relay/v2 v2.0.6/go.mod h1:iCxpUpnr4682QwmazbxHNsY3JmW1ef2v0LaEXU/8O40=
github.com/pmezard/go-difflib v1.0.0 h1:4DBwDE0NGyQoBHbLQYPwSUPoCMWR5BEzIk/f1lZbAQM=
github.com/pmezard/go-difflib v1.0.0/go.mod h1:iKH77koFhYxTK1pcRnkKkqfTogsbg7gZNVY4sRDYZ/4=
github.com/stretchr/testify v1.9.0 h1:HtqpIVDClZ4nwg75+f6Lvsy/wHu+3BoSGCbBAcpTsTg=
github.com/stretchr/testify v1.9.0/go.mod h1:r2ic/lqez/lEtzL7wO/rwa5dbSLXVDPFyf8C91i36aY=
github.com/veandco/go-sdl2 v0.4.40 h1:fZv6wC3zz1Xt167P09gazawnpa0KY5LM7JAvKpX9d/U=
github.com/veandco/go-sdl2 v0.4.40/go.mod h1:OROqMhHD43nT4/i9crJukyVecjPNYYuCofep6SNiAjY=
gopkg.in/yaml.v3 v3.0.1 h1:fxVm/GzAzEWqLHuvctI91KS9hhNmmWOoWu0XTYJS7CA=
gopkg.in/yaml.v3 v3.0.1/go.mod h1:K4uyk7z7BCEPqu6E+C64Yfv1cQ7kz7rIZviUmN+EgEM=
